
Microsoft Visual Studio Solution File, Format Version 12.00
# Visual Studio 15
VisualStudioVersion = 15.0.28307.1321
MinimumVisualStudioVersion = 10.0.40219.1
Project("{FAE04EC0-301F-11D3-BF4B-00C04F79EFBC}") = "Gestion Cabinet Medical", "Gestion Cabinet Medical\Gestion Cabinet Medical.csproj", "{A033AEF0-0F2B-4B0C-AA92-8505E37E8844}"
EndProject
Global
	GlobalSection(SolutionConfigurationPlatforms) = preSolution
		Debug|Any CPU = Debug|Any CPU
		Release|Any CPU = Release|Any CPU
	EndGlobalSection
	GlobalSection(ProjectConfigurationPlatforms) = postSolution
		{A033AEF0-0F2B-4B0C-AA92-8505E37E8844}.Debug|Any CPU.ActiveCfg = Debug|Any CPU
		{A033AEF0-0F2B-4B0C-AA92-8505E37E8844}.Debug|Any CPU.Build.0 = Debug|Any CPU
		{A033AEF0-0F2B-4B0C-AA92-8505E37E8844}.Release|Any CPU.ActiveCfg = Release|Any CPU
		{A033AEF0-0F2B-4B0C-AA92-8505E37E8844}.Release|Any CPU.Build.0 = Release|Any CPU
	EndGlobalSection
	GlobalSection(SolutionProperties) = preSolution
		HideSolutionNode = FALSE
	EndGlobalSection
	GlobalSection(ExtensibilityGlobals) = postSolution
		SolutionGuid = {81EB5306-80A1-4AC7-8080-AF76528D3B61}
	EndGlobalSection
EndGlobal
